
Microsoft Visual Studio Solution File, Format Version 12.00
# Visual Studio 2017
Project("{FAE04EC0-301F-11D3-BF4B-00C04F79EFBC}") = "unity&&ForRIMA", "unity&&ForRIMA.csproj", "{03C011A0-61D3-7787-2DD3-456BBD51238F}"
EndProject
Global
	GlobalSection(SolutionConfigurationPlatforms) = preSolution
		Debug|Any CPU = Debug|Any CPU
		Release|Any CPU = Release|Any CPU
	EndGlobalSection
	GlobalSection(ProjectConfigurationPlatforms) = postSolution
		{03C011A0-61D3-7787-2DD3-456BBD51238F}.Debug|Any CPU.ActiveCfg = Debug|Any CPU
		{03C011A0-61D3-7787-2DD3-456BBD51238F}.Debug|Any CPU.Build.0 = Debug|Any CPU
		{03C011A0-61D3-7787-2DD3-456BBD51238F}.Release|Any CPU.ActiveCfg = Release|Any CPU
		{03C011A0-61D3-7787-2DD3-456BBD51238F}.Release|Any CPU.Build.0 = Release|Any CPU
	EndGlobalSection
	GlobalSection(SolutionProperties) = preSolution
		HideSolutionNode = FALSE
	EndGlobalSection
EndGlobal
