
Microsoft Visual Studio Solution File, Format Version 12.00
# Visual Studio 2017
Project("{FAE04EC0-301F-11D3-BF4B-00C04F79EFBC}") = "unity&&rimabody1.1", "unity&&rimabody1.1.csproj", "{245B237A-2EDB-1741-42D7-ABBED633427E}"
EndProject
Global
	GlobalSection(SolutionConfigurationPlatforms) = preSolution
		Debug|Any CPU = Debug|Any CPU
		Release|Any CPU = Release|Any CPU
	EndGlobalSection
	GlobalSection(ProjectConfigurationPlatforms) = postSolution
		{245B237A-2EDB-1741-42D7-ABBED633427E}.Debug|Any CPU.ActiveCfg = Debug|Any CPU
		{245B237A-2EDB-1741-42D7-ABBED633427E}.Debug|Any CPU.Build.0 = Debug|Any CPU
		{245B237A-2EDB-1741-42D7-ABBED633427E}.Release|Any CPU.ActiveCfg = Release|Any CPU
		{245B237A-2EDB-1741-42D7-ABBED633427E}.Release|Any CPU.Build.0 = Release|Any CPU
	EndGlobalSection
	GlobalSection(SolutionProperties) = preSolution
		HideSolutionNode = FALSE
	EndGlobalSection
EndGlobal
